
Microsoft Visual Studio Solution File, Format Version 12.00
# Visual Studio 2012
Project("{FAE04EC0-301F-11D3-BF4B-00C04F79EFBC}") = "EscapeGameConsole", "EscapeGameConsole\EscapeGameConsole.csproj", "{63904B79-5490-43DD-9860-271F104628BF}"
EndProject
Project("{FAE04EC0-301F-11D3-BF4B-00C04F79EFBC}") = "EscapeGame.Tests", "EscapeGame.Tests\EscapeGame.Tests.csproj", "{B1746BBB-076F-487F-9A8D-FE1E9DCFC756}"
EndProject
Project("{FAE04EC0-301F-11D3-BF4B-00C04F79EFBC}") = "EscapeGame.WebApi", "Api\EscapeGame.WebApi.csproj", "{08397C00-0177-4CD6-9803-8A4C3F2C9AE1}"
EndProject
Global
	GlobalSection(SolutionConfigurationPlatforms) = preSolution
		Debug|Any CPU = Debug|Any CPU
		Release|Any CPU = Release|Any CPU
	EndGlobalSection
	GlobalSection(ProjectConfigurationPlatforms) = postSolution
		{63904B79-5490-43DD-9860-271F104628BF}.Debug|Any CPU.ActiveCfg = Debug|Any CPU
		{63904B79-5490-43DD-9860-271F104628BF}.Debug|Any CPU.Build.0 = Debug|Any CPU
		{63904B79-5490-43DD-9860-271F104628BF}.Release|Any CPU.ActiveCfg = Release|Any CPU
		{63904B79-5490-43DD-9860-271F104628BF}.Release|Any CPU.Build.0 = Release|Any CPU
		{B1746BBB-076F-487F-9A8D-FE1E9DCFC756}.Debug|Any CPU.ActiveCfg = Debug|Any CPU
		{B1746BBB-076F-487F-9A8D-FE1E9DCFC756}.Debug|Any CPU.Build.0 = Debug|Any CPU
		{B1746BBB-076F-487F-9A8D-FE1E9DCFC756}.Release|Any CPU.ActiveCfg = Release|Any CPU
		{B1746BBB-076F-487F-9A8D-FE1E9DCFC756}.Release|Any CPU.Build.0 = Release|Any CPU
		{08397C00-0177-4CD6-9803-8A4C3F2C9AE1}.Debug|Any CPU.ActiveCfg = Debug|Any CPU
		{08397C00-0177-4CD6-9803-8A4C3F2C9AE1}.Debug|Any CPU.Build.0 = Debug|Any CPU
		{08397C00-0177-4CD6-9803-8A4C3F2C9AE1}.Release|Any CPU.ActiveCfg = Release|Any CPU
		{08397C00-0177-4CD6-9803-8A4C3F2C9AE1}.Release|Any CPU.Build.0 = Release|Any CPU
	EndGlobalSection
EndGlobal
